
Microsoft Visual Studio Solution File, Format Version 12.00
# Visual Studio Version 17
VisualStudioVersion = 17.5.33530.505
MinimumVisualStudioVersion = 10.0.40219.1
Project("{9A19103F-16F7-4668-BE54-9A1E7A4F7556}") = "mythos", "mythos\mythos.csproj", "{BF75E2B1-796E-454A-8077-0639DF848AB6}"
EndProject
Project("{9A19103F-16F7-4668-BE54-9A1E7A4F7556}") = "mythos.Desktop", "mythos.Desktop\mythos.Desktop.csproj", "{3C04348E-F7D1-4330-9FB1-2B0D8ACFBCAB}"
EndProject
Project("{9A19103F-16F7-4668-BE54-9A1E7A4F7556}") = "mythos.Updater", "mythosUpdater\mythos.Updater.csproj", "{B62F5167-7ABF-4A0F-A0E4-A169BE15ACD5}"
EndProject
Global
	GlobalSection(SolutionConfigurationPlatforms) = preSolution
		Debug|Any CPU = Debug|Any CPU
		Release|Any CPU = Release|Any CPU
	EndGlobalSection
	GlobalSection(ProjectConfigurationPlatforms) = postSolution
		{BF75E2B1-796E-454A-8077-0639DF848AB6}.Debug|Any CPU.ActiveCfg = Debug|Any CPU
		{BF75E2B1-796E-454A-8077-0639DF848AB6}.Debug|Any CPU.Build.0 = Debug|Any CPU
		{BF75E2B1-796E-454A-8077-0639DF848AB6}.Release|Any CPU.ActiveCfg = Release|Any CPU
		{BF75E2B1-796E-454A-8077-0639DF848AB6}.Release|Any CPU.Build.0 = Release|Any CPU
		{3C04348E-F7D1-4330-9FB1-2B0D8ACFBCAB}.Debug|Any CPU.ActiveCfg = Debug|Any CPU
		{3C04348E-F7D1-4330-9FB1-2B0D8ACFBCAB}.Debug|Any CPU.Build.0 = Debug|Any CPU
		{3C04348E-F7D1-4330-9FB1-2B0D8ACFBCAB}.Release|Any CPU.ActiveCfg = Release|Any CPU
		{3C04348E-F7D1-4330-9FB1-2B0D8ACFBCAB}.Release|Any CPU.Build.0 = Release|Any CPU
		{B62F5167-7ABF-4A0F-A0E4-A169BE15ACD5}.Debug|Any CPU.ActiveCfg = Debug|Any CPU
		{B62F5167-7ABF-4A0F-A0E4-A169BE15ACD5}.Debug|Any CPU.Build.0 = Debug|Any CPU
		{B62F5167-7ABF-4A0F-A0E4-A169BE15ACD5}.Release|Any CPU.ActiveCfg = Release|Any CPU
		{B62F5167-7ABF-4A0F-A0E4-A169BE15ACD5}.Release|Any CPU.Build.0 = Release|Any CPU
	EndGlobalSection
	GlobalSection(SolutionProperties) = preSolution
		HideSolutionNode = FALSE
	EndGlobalSection
	GlobalSection(ExtensibilityGlobals) = postSolution
		SolutionGuid = {75E3E9B9-9509-47B0-882B-188F73125AF8}
	EndGlobalSection
EndGlobal
